// !$*UTF8*$!
{
	archiveVersion = 1;
	classes = {
	};
	objectVersion = 50;
	objects = {

/* Begin PBXBuildFile section */
		CF643E8024D33BEB0058F6C2 /* LaunchViewController.swift in Sources */ = {isa = PBXBuildFile; fileRef = CF643E7E24D33BEB0058F6C2 /* LaunchViewController.swift */; };
		CF643E8124D33BEB0058F6C2 /* LaunchViewController.xib in Resources */ = {isa = PBXBuildFile; fileRef = CF643E7F24D33BEB0058F6C2 /* LaunchViewController.xib */; };
		CF643E8624D34D100058F6C2 /* RequestCameraAuthorizationView.swift in Sources */ = {isa = PBXBuildFile; fileRef = CF643E8524D34D100058F6C2 /* RequestCameraAuthorizationView.swift */; };
		CF643E8824D34D9B0058F6C2 /* RequestCameraAuthorizationView.xib in Resources */ = {isa = PBXBuildFile; fileRef = CF643E8724D34D9B0058F6C2 /* RequestCameraAuthorizationView.xib */; };
		CFC5A2BF24D2F08100772B58 /* AppDelegate.swift in Sources */ = {isa = PBXBuildFile; fileRef = CFC5A2BE24D2F08100772B58 /* AppDelegate.swift */; };
		CFC5A2C124D2F08100772B58 /* SceneDelegate.swift in Sources */ = {isa = PBXBuildFile; fileRef = CFC5A2C024D2F08100772B58 /* SceneDelegate.swift */; };
		CFC5A2C324D2F08100772B58 /* ViewController.swift in Sources */ = {isa = PBXBuildFile; fileRef = CFC5A2C224D2F08100772B58 /* ViewController.swift */; };
		CFC5A2C624D2F08100772B58 /* Main.storyboard in Resources */ = {isa = PBXBuildFile; fileRef = CFC5A2C424D2F08100772B58 /* Main.storyboard */; };
		CFC5A2C824D2F08200772B58 /* Assets.xcassets in Resources */ = {isa = PBXBuildFile; fileRef = CFC5A2C724D2F08200772B58 /* Assets.xcassets */; };
		CFC5A2CB24D2F08200772B58 /* LaunchScreen.storyboard in Resources */ = {isa = PBXBuildFile; fileRef = CFC5A2C924D2F08200772B58 /* LaunchScreen.storyboard */; };
/* End PBXBuildFile section */

/* Begin PBXFileReference section */
		CF643E7E24D33BEB0058F6C2 /* LaunchViewController.swift */ = {isa = PBXFileReference; lastKnownFileType = sourcecode.swift; path = LaunchViewController.swift; sourceTree = "<group>"; };
		CF643E7F24D33BEB0058F6C2 /* LaunchViewController.xib */ = {isa = PBXFileReference; lastKnownFileType = file.xib; path = LaunchViewController.xib; sourceTree = "<group>"; };
		CF643E8524D34D100058F6C2 /* RequestCameraAuthorizationView.swift */ = {isa = PBXFileReference; lastKnownFileType = sourcecode.swift; path = RequestCameraAuthorizationView.swift; sourceTree = "<group>"; };
		CF643E8724D34D9B0058F6C2 /* RequestCameraAuthorizationView.xib */ = {isa = PBXFileReference; lastKnownFileType = file.xib; path = RequestCameraAuthorizationView.xib; sourceTree = "<group>"; };
		CFC5A2BB24D2F08100772B58 /* BecomeAPresenter.app */ = {isa = PBXFileReference; explicitFileType = wrapper.application; includeInIndex = 0; path = BecomeAPresenter.app; sourceTree = BUILT_PRODUCTS_DIR; };
		CFC5A2BE24D2F08100772B58 /* AppDelegate.swift */ = {isa = PBXFileReference; lastKnownFileType = sourcecode.swift; path = AppDelegate.swift; sourceTree = "<group>"; };
		CFC5A2C024D2F08100772B58 /* SceneDelegate.swift */ = {isa = PBXFileReference; lastKnownFileType = sourcecode.swift; path = SceneDelegate.swift; sourceTree = "<group>"; };
		CFC5A2C224D2F08100772B58 /* ViewController.swift */ = {isa = PBXFileReference; lastKnownFileType = sourcecode.swift; path = ViewController.swift; sourceTree = "<group>"; };
		CFC5A2C524D2F08100772B58 /* Base */ = {isa = PBXFileReference; lastKnownFileType = file.storyboard; name = Base; path = Base.lproj/Main.storyboard; sourceTree = "<group>"; };
		CFC5A2C724D2F08200772B58 /* Assets.xcassets */ = {isa = PBXFileReference; lastKnownFileType = folder.assetcatalog; path = Assets.xcassets; sourceTree = "<group>"; };
		CFC5A2CA24D2F08200772B58 /* Base */ = {isa = PBXFileReference; lastKnownFileType = file.storyboard; name = Base; path = Base.lproj/LaunchScreen.storyboard; sourceTree = "<group>"; };
		CFC5A2CC24D2F08200772B58 /* Info.plist */ = {isa = PBXFileReference; lastKnownFileType = text.plist.xml; path = Info.plist; sourceTree = "<group>"; };
/* End PBXFileReference section */

/* Begin PBXFrameworksBuildPhase section */
		CFC5A2B824D2F08100772B58 /* Frameworks */ = {
			isa = PBXFrameworksBuildPhase;
			buildActionMask = 2147483647;
			files = (
			);
			runOnlyForDeploymentPostprocessing = 0;
		};
/* End PBXFrameworksBuildPhase section */

/* Begin PBXGroup section */
		CF643E7B24D3347E0058F6C2 /* ViewControllers */ = {
			isa = PBXGroup;
			children = (
				CF643E7D24D334920058F6C2 /* Launch */,
				CF643E7C24D334890058F6C2 /* ViewController */,
			);
			path = ViewControllers;
			sourceTree = "<group>";
		};
		CF643E7C24D334890058F6C2 /* ViewController */ = {
			isa = PBXGroup;
			children = (
				CFC5A2C224D2F08100772B58 /* ViewController.swift */,
			);
			path = ViewController;
			sourceTree = "<group>";
		};
		CF643E7D24D334920058F6C2 /* Launch */ = {
			isa = PBXGroup;
			children = (
				CF643E7E24D33BEB0058F6C2 /* LaunchViewController.swift */,
				CF643E7F24D33BEB0058F6C2 /* LaunchViewController.xib */,
			);
			path = Launch;
			sourceTree = "<group>";
		};
		CF643E8224D34AFD0058F6C2 /* Views */ = {
			isa = PBXGroup;
			children = (
				CF643E8324D34B040058F6C2 /* RequestAuthorization */,
			);
			path = Views;
			sourceTree = "<group>";
		};
		CF643E8324D34B040058F6C2 /* RequestAuthorization */ = {
			isa = PBXGroup;
			children = (
				CF643E8424D34B230058F6C2 /* Camera */,
			);
			path = RequestAuthorization;
			sourceTree = "<group>";
		};
		CF643E8424D34B230058F6C2 /* Camera */ = {
			isa = PBXGroup;
			children = (
				CF643E8524D34D100058F6C2 /* RequestCameraAuthorizationView.swift */,
				CF643E8724D34D9B0058F6C2 /* RequestCameraAuthorizationView.xib */,
			);
			path = Camera;
			sourceTree = "<group>";
		};
		CFC5A2B224D2F08100772B58 = {
			isa = PBXGroup;
			children = (
				CFC5A2BD24D2F08100772B58 /* BecomeAPresenter */,
				CFC5A2BC24D2F08100772B58 /* Products */,
			);
			sourceTree = "<group>";
		};
		CFC5A2BC24D2F08100772B58 /* Products */ = {
			isa = PBXGroup;
			children = (
				CFC5A2BB24D2F08100772B58 /* BecomeAPresenter.app */,
			);
			name = Products;
			sourceTree = "<group>";
		};
		CFC5A2BD24D2F08100772B58 /* BecomeAPresenter */ = {
			isa = PBXGroup;
			children = (
				CF643E8224D34AFD0058F6C2 /* Views */,
				CF643E7B24D3347E0058F6C2 /* ViewControllers */,
				CFC5A2BE24D2F08100772B58 /* AppDelegate.swift */,
				CFC5A2C024D2F08100772B58 /* SceneDelegate.swift */,
				CFC5A2C424D2F08100772B58 /* Main.storyboard */,
				CFC5A2C724D2F08200772B58 /* Assets.xcassets */,
				CFC5A2C924D2F08200772B58 /* LaunchScreen.storyboard */,
				CFC5A2CC24D2F08200772B58 /* Info.plist */,
			);
			path = BecomeAPresenter;
			sourceTree = "<group>";
		};
/* End PBXGroup section */

/* Begin PBXNativeTarget section */
		CFC5A2BA24D2F08100772B58 /* BecomeAPresenter */ = {
			isa = PBXNativeTarget;
			buildConfigurationList = CFC5A2CF24D2F08200772B58 /* Build configuration list for PBXNativeTarget "BecomeAPresenter" */;
			buildPhases = (
				CFC5A2B724D2F08100772B58 /* Sources */,
				CFC5A2B824D2F08100772B58 /* Frameworks */,
				CFC5A2B924D2F08100772B58 /* Resources */,
			);
			buildRules = (
			);
			dependencies = (
			);
			name = BecomeAPresenter;
			productName = BecomeAPresenter;
			productReference = CFC5A2BB24D2F08100772B58 /* BecomeAPresenter.app */;
			productType = "com.apple.product-type.application";
		};
/* End PBXNativeTarget section */

/* Begin PBXProject section */
		CFC5A2B324D2F08100772B58 /* Project object */ = {
			isa = PBXProject;
			attributes = {
				LastSwiftUpdateCheck = 1160;
				LastUpgradeCheck = 1160;
				ORGANIZATIONNAME = "HC Studios";
				TargetAttributes = {
					CFC5A2BA24D2F08100772B58 = {
						CreatedOnToolsVersion = 11.6;
					};
				};
			};
			buildConfigurationList = CFC5A2B624D2F08100772B58 /* Build configuration list for PBXProject "BecomeAPresenter" */;
			compatibilityVersion = "Xcode 9.3";
			developmentRegion = en;
			hasScannedForEncodings = 0;
			knownRegions = (
				en,
				Base,
			);
			mainGroup = CFC5A2B224D2F08100772B58;
			productRefGroup = CFC5A2BC24D2F08100772B58 /* Products */;
			projectDirPath = "";
			projectRoot = "";
			targets = (
				CFC5A2BA24D2F08100772B58 /* BecomeAPresenter */,
			);
		};
/* End PBXProject section */

/* Begin PBXResourcesBuildPhase section */
		CFC5A2B924D2F08100772B58 /* Resources */ = {
			isa = PBXResourcesBuildPhase;
			buildActionMask = 2147483647;
			files = (
				CF643E8824D34D9B0058F6C2 /* RequestCameraAuthorizationView.xib in Resources */,
				CFC5A2CB24D2F08200772B58 /* LaunchScreen.storyboard in Resources */,
				CFC5A2C824D2F08200772B58 /* Assets.xcassets in Resources */,
				CFC5A2C624D2F08100772B58 /* Main.storyboard in Resources */,
				CF643E8124D33BEB0058F6C2 /* LaunchViewController.xib in Resources */,
			);
			runOnlyForDeploymentPostprocessing = 0;
		};
/* End PBXResourcesBuildPhase section */

/* Begin PBXSourcesBuildPhase section */
		CFC5A2B724D2F08100772B58 /* Sources */ = {
			isa = PBXSourcesBuildPhase;
			buildActionMask = 2147483647;
			files = (
				CFC5A2C324D2F08100772B58 /* ViewController.swift in Sources */,
				CFC5A2BF24D2F08100772B58 /* AppDelegate.swift in Sources */,
				CFC5A2C124D2F08100772B58 /* SceneDelegate.swift in Sources */,
				CF643E8624D34D100058F6C2 /* RequestCameraAuthorizationView.swift in Sources */,
				CF643E8024D33BEB0058F6C2 /* LaunchViewController.swift in Sources */,
			);
			runOnlyForDeploymentPostprocessing = 0;
		};
/* End PBXSourcesBuildPhase section */

/* Begin PBXVariantGroup section */
		CFC5A2C424D2F08100772B58 /* Main.storyboard */ = {
			isa = PBXVariantGroup;
			children = (
				CFC5A2C524D2F08100772B58 /* Base */,
			);
			name = Main.storyboard;
			sourceTree = "<group>";
		};
		CFC5A2C924D2F08200772B58 /* LaunchScreen.storyboard */ = {
			isa = PBXVariantGroup;
			children = (
				CFC5A2CA24D2F08200772B58 /* Base */,
			);
			name = LaunchScreen.storyboard;
			sourceTree = "<group>";
		};
/* End PBXVariantGroup section */

/* Begin XCBuildConfiguration section */
		CFC5A2CD24D2F08200772B58 /* Debug */ = {
			isa = XCBuildConfiguration;
			buildSettings = {
				ALWAYS_SEARCH_USER_PATHS = NO;
				CLANG_ANALYZER_NONNULL = YES;
				CLANG_ANALYZER_NUMBER_OBJECT_CONVERSION = YES_AGGRESSIVE;
				CLANG_CXX_LANGUAGE_STANDARD = "gnu++14";
				CLANG_CXX_LIBRARY = "libc++";
				CLANG_ENABLE_MODULES = YES;
				CLANG_ENABLE_OBJC_ARC = YES;
				CLANG_ENABLE_OBJC_WEAK = YES;
				CLANG_WARN_BLOCK_CAPTURE_AUTORELEASING = YES;
				CLANG_WARN_BOOL_CONVERSION = YES;
				CLANG_WARN_COMMA = YES;
				CLANG_WARN_CONSTANT_CONVERSION = YES;
				CLANG_WARN_DEPRECATED_OBJC_IMPLEMENTATIONS = YES;
				CLANG_WARN_DIRECT_OBJC_ISA_USAGE = YES_ERROR;
				CLANG_WARN_DOCUMENTATION_COMMENTS = YES;
				CLANG_WARN_EMPTY_BODY = YES;
				CLANG_WARN_ENUM_CONVERSION = YES;
				CLANG_WARN_INFINITE_RECURSION = YES;
				CLANG_WARN_INT_CONVERSION = YES;
				CLANG_WARN_NON_LITERAL_NULL_CONVERSION = YES;
				CLANG_WARN_OBJC_IMPLICIT_RETAIN_SELF = YES;
				CLANG_WARN_OBJC_LITERAL_CONVERSION = YES;
				CLANG_WARN_OBJC_ROOT_CLASS = YES_ERROR;
				CLANG_WARN_RANGE_LOOP_ANALYSIS = YES;
				CLANG_WARN_STRICT_PROTOTYPES = YES;
				CLANG_WARN_SUSPICIOUS_MOVE = YES;
				CLANG_WARN_UNGUARDED_AVAILABILITY = YES_AGGRESSIVE;
				CLANG_WARN_UNREACHABLE_CODE = YES;
				CLANG_WARN__DUPLICATE_METHOD_MATCH = YES;
				COPY_PHASE_STRIP = NO;
				DEBUG_INFORMATION_FORMAT = dwarf;
				ENABLE_STRICT_OBJC_MSGSEND = YES;
				ENABLE_TESTABILITY = YES;
				GCC_C_LANGUAGE_STANDARD = gnu11;
				GCC_DYNAMIC_NO_PIC = NO;
				GCC_NO_COMMON_BLOCKS = YES;
				GCC_OPTIMIZATION_LEVEL = 0;
				GCC_PREPROCESSOR_DEFINITIONS = (
					"DEBUG=1",
					"$(inherited)",
				);
				GCC_WARN_64_TO_32_BIT_CONVERSION = YES;
				GCC_WARN_ABOUT_RETURN_TYPE = YES_ERROR;
				GCC_WARN_UNDECLARED_SELECTOR = YES;
				GCC_WARN_UNINITIALIZED_AUTOS = YES_AGGRESSIVE;
				GCC_WARN_UNUSED_FUNCTION = YES;
				GCC_WARN_UNUSED_VARIABLE = YES;
				IPHONEOS_DEPLOYMENT_TARGET = 13.6;
				MTL_ENABLE_DEBUG_INFO = INCLUDE_SOURCE;
				MTL_FAST_MATH = YES;
				ONLY_ACTIVE_ARCH = YES;
				SDKROOT = iphoneos;
				SWIFT_ACTIVE_COMPILATION_CONDITIONS = DEBUG;
				SWIFT_OPTIMIZATION_LEVEL = "-Onone";
			};
			name = Debug;
		};
		CFC5A2CE24D2F08200772B58 /* Release */ = {
			isa = XCBuildConfiguration;
			buildSettings = {
				ALWAYS_SEARCH_USER_PATHS = NO;
				CLANG_ANALYZER_NONNULL = YES;
				CLANG_ANALYZER_NUMBER_OBJECT_CONVERSION = YES_AGGRESSIVE;
				CLANG_CXX_LANGUAGE_STANDARD = "gnu++14";
				CLANG_CXX_LIBRARY = "libc++";
				CLANG_ENABLE_MODULES = YES;
				CLANG_ENABLE_OBJC_ARC = YES;
				CLANG_ENABLE_OBJC_WEAK = YES;
				CLANG_WARN_BLOCK_CAPTURE_AUTORELEASING = YES;
				CLANG_WARN_BOOL_CONVERSION = YES;
				CLANG_WARN_COMMA = YES;
				CLANG_WARN_CONSTANT_CONVERSION = YES;
				CLANG_WARN_DEPRECATED_OBJC_IMPLEMENTATIONS = YES;
				CLANG_WARN_DIRECT_OBJC_ISA_USAGE = YES_ERROR;
				CLANG_WARN_DOCUMENTATION_COMMENTS = YES;
				CLANG_WARN_EMPTY_BODY = YES;
				CLANG_WARN_ENUM_CONVERSION = YES;
				CLANG_WARN_INFINITE_RECURSION = YES;
				CLANG_WARN_INT_CONVERSION = YES;
				CLANG_WARN_NON_LITERAL_NULL_CONVERSION = YES;
				CLANG_WARN_OBJC_IMPLICIT_RETAIN_SELF = YES;
				CLANG_WARN_OBJC_LITERAL_CONVERSION = YES;
				CLANG_WARN_OBJC_ROOT_CLASS = YES_ERROR;
				CLANG_WARN_RANGE_LOOP_ANALYSIS = YES;
				CLANG_WARN_STRICT_PROTOTYPES = YES;
				CLANG_WARN_SUSPICIOUS_MOVE = YES;
				CLANG_WARN_UNGUARDED_AVAILABILITY = YES_AGGRESSIVE;
				CLANG_WARN_UNREACHABLE_CODE = YES;
				CLANG_WARN__DUPLICATE_METHOD_MATCH = YES;
				COPY_PHASE_STRIP = NO;
				DEBUG_INFORMATION_FORMAT = "dwarf-with-dsym";
				ENABLE_NS_ASSERTIONS = NO;
				ENABLE_STRICT_OBJC_MSGSEND = YES;
				GCC_C_LANGUAGE_STANDARD = gnu11;
				GCC_NO_COMMON_BLOCKS = YES;
				GCC_WARN_64_TO_32_BIT_CONVERSION = YES;
				GCC_WARN_ABOUT_RETURN_TYPE = YES_ERROR;
				GCC_WARN_UNDECLARED_SELECTOR = YES;
				GCC_WARN_UNINITIALIZED_AUTOS = YES_AGGRESSIVE;
				GCC_WARN_UNUSED_FUNCTION = YES;
				GCC_WARN_UNUSED_VARIABLE = YES;
				IPHONEOS_DEPLOYMENT_TARGET = 13.6;
				MTL_ENABLE_DEBUG_INFO = NO;
				MTL_FAST_MATH = YES;
				SDKROOT = iphoneos;
				SWIFT_COMPILATION_MODE = wholemodule;
				SWIFT_OPTIMIZATION_LEVEL = "-O";
				VALIDATE_PRODUCT = YES;
			};
			name = Release;
		};
		CFC5A2D024D2F08200772B58 /* Debug */ = {
			isa = XCBuildConfiguration;
			buildSettings = {
				ASSETCATALOG_COMPILER_APPICON_NAME = AppIcon;
				CODE_SIGN_STYLE = Automatic;
				INFOPLIST_FILE = BecomeAPresenter/Info.plist;
				LD_RUNPATH_SEARCH_PATHS = (
					"$(inherited)",
					"@executable_path/Frameworks",
				);
				PRODUCT_BUNDLE_IDENTIFIER = com.hcstudios.BecomeAPresenter;
				PRODUCT_NAME = "$(TARGET_NAME)";
				SWIFT_VERSION = 5.0;
				TARGETED_DEVICE_FAMILY = "1,2";
			};
			name = Debug;
		};
		CFC5A2D124D2F08200772B58 /* Release */ = {
			isa = XCBuildConfiguration;
			buildSettings = {
				ASSETCATALOG_COMPILER_APPICON_NAME = AppIcon;
				CODE_SIGN_STYLE = Automatic;
				INFOPLIST_FILE = BecomeAPresenter/Info.plist;
				LD_RUNPATH_SEARCH_PATHS = (
					"$(inherited)",
					"@executable_path/Frameworks",
				);
				PRODUCT_BUNDLE_IDENTIFIER = com.hcstudios.BecomeAPresenter;
				PRODUCT_NAME = "$(TARGET_NAME)";
				SWIFT_VERSION = 5.0;
				TARGETED_DEVICE_FAMILY = "1,2";
			};
			name = Release;
		};
/* End XCBuildConfiguration section */

/* Begin XCConfigurationList section */
		CFC5A2B624D2F08100772B58 /* Build configuration list for PBXProject "BecomeAPresenter" */ = {
			isa = XCConfigurationList;
			buildConfigurations = (
				CFC5A2CD24D2F08200772B58 /* Debug */,
				CFC5A2CE24D2F08200772B58 /* Release */,
			);
			defaultConfigurationIsVisible = 0;
			defaultConfigurationName = Release;
		};
		CFC5A2CF24D2F08200772B58 /* Build configuration list for PBXNativeTarget "BecomeAPresenter" */ = {
			isa = XCConfigurationList;
			buildConfigurations = (
				CFC5A2D024D2F08200772B58 /* Debug */,
				CFC5A2D124D2F08200772B58 /* Release */,
			);
			defaultConfigurationIsVisible = 0;
			defaultConfigurationName = Release;
		};
/* End XCConfigurationList section */
	};
	rootObject = CFC5A2B324D2F08100772B58 /* Project object */;
}
